
Microsoft Visual Studio Solution File, Format Version 12.00
# Visual Studio Version 17
VisualStudioVersion = 17.2.32526.322
MinimumVisualStudioVersion = 10.0.40219.1
Project("{FAE04EC0-301F-11D3-BF4B-00C04F79EFBC}") = "GestorBibliotecaDigital_DiseñoSoft11-2025", "GestorBibliotecaDigital_DiseñoSoft11-2025.csproj", "{1E2639FA-31B5-4DF7-8E5C-61440A8925CC}"
EndProject
Global
	GlobalSection(SolutionConfigurationPlatforms) = preSolution
		Debug|Any CPU = Debug|Any CPU
		Release|Any CPU = Release|Any CPU
	EndGlobalSection
	GlobalSection(ProjectConfigurationPlatforms) = postSolution
		{1E2639FA-31B5-4DF7-8E5C-61440A8925CC}.Debug|Any CPU.ActiveCfg = Debug|Any CPU
		{1E2639FA-31B5-4DF7-8E5C-61440A8925CC}.Debug|Any CPU.Build.0 = Debug|Any CPU
		{1E2639FA-31B5-4DF7-8E5C-61440A8925CC}.Release|Any CPU.ActiveCfg = Release|Any CPU
		{1E2639FA-31B5-4DF7-8E5C-61440A8925CC}.Release|Any CPU.Build.0 = Release|Any CPU
	EndGlobalSection
	GlobalSection(SolutionProperties) = preSolution
		HideSolutionNode = FALSE
	EndGlobalSection
	GlobalSection(ExtensibilityGlobals) = postSolution
		SolutionGuid = {5D08B090-9C46-4D39-90F2-E1AA50E4BC1A}
	EndGlobalSection
EndGlobal
